
Microsoft Visual Studio Solution File, Format Version 12.00
# Visual Studio Version 17
VisualStudioVersion = 17.8.34330.188
MinimumVisualStudioVersion = 10.0.40219.1
Project("{9A19103F-16F7-4668-BE54-9A1E7A4F7556}") = "BlazorWinForms5", "BlazorWinForms5\BlazorWinForms5.csproj", "{0B34A8B2-93E8-4B6A-B37F-AACC0FF814D4}"
EndProject
Project("{9A19103F-16F7-4668-BE54-9A1E7A4F7556}") = "BlazorWinForms5.RazorLib", "BlazorWinForms5.RazorLib\BlazorWinForms5.RazorLib.csproj", "{69262E94-9C4A-47CA-86B4-1EFD097230EA}"
EndProject
Project("{FAE04EC0-301F-11D3-BF4B-00C04F79EFBC}") = "WinFormsApp1", "WinFormsApp1\WinFormsApp1.csproj", "{17D605C3-81A5-4892-B5A6-C494AB1BA41C}"
EndProject
Global
	GlobalSection(SolutionConfigurationPlatforms) = preSolution
		Debug|Any CPU = Debug|Any CPU
		Release|Any CPU = Release|Any CPU
	EndGlobalSection
	GlobalSection(ProjectConfigurationPlatforms) = postSolution
		{0B34A8B2-93E8-4B6A-B37F-AACC0FF814D4}.Debug|Any CPU.ActiveCfg = Debug|Any CPU
		{0B34A8B2-93E8-4B6A-B37F-AACC0FF814D4}.Debug|Any CPU.Build.0 = Debug|Any CPU
		{0B34A8B2-93E8-4B6A-B37F-AACC0FF814D4}.Release|Any CPU.ActiveCfg = Release|Any CPU
		{0B34A8B2-93E8-4B6A-B37F-AACC0FF814D4}.Release|Any CPU.Build.0 = Release|Any CPU
		{69262E94-9C4A-47CA-86B4-1EFD097230EA}.Debug|Any CPU.ActiveCfg = Debug|Any CPU
		{69262E94-9C4A-47CA-86B4-1EFD097230EA}.Debug|Any CPU.Build.0 = Debug|Any CPU
		{69262E94-9C4A-47CA-86B4-1EFD097230EA}.Release|Any CPU.ActiveCfg = Release|Any CPU
		{69262E94-9C4A-47CA-86B4-1EFD097230EA}.Release|Any CPU.Build.0 = Release|Any CPU
		{17D605C3-81A5-4892-B5A6-C494AB1BA41C}.Debug|Any CPU.ActiveCfg = Debug|Any CPU
		{17D605C3-81A5-4892-B5A6-C494AB1BA41C}.Debug|Any CPU.Build.0 = Debug|Any CPU
		{17D605C3-81A5-4892-B5A6-C494AB1BA41C}.Release|Any CPU.ActiveCfg = Release|Any CPU
		{17D605C3-81A5-4892-B5A6-C494AB1BA41C}.Release|Any CPU.Build.0 = Release|Any CPU
	EndGlobalSection
	GlobalSection(SolutionProperties) = preSolution
		HideSolutionNode = FALSE
	EndGlobalSection
	GlobalSection(ExtensibilityGlobals) = postSolution
		SolutionGuid = {CBC547EA-015B-48B2-B53D-CB99DF6578AE}
	EndGlobalSection
EndGlobal
